#MicroXplorer Configuration settings - do not modify
Mcu.Family=STM32F3
ProjectManager.MainLocation=Core/Src
RCC.USART1Freq_Value=8000000
ProjectManager.ProjectFileName=nucleo303.ioc
RCC.CortexFreq_Value=8000000
RCC.ADC12outputFreq_Value=16000000
ADC1.Rank-0\#ChannelRegularConversion=1
ProjectManager.KeepUserCode=true
Mcu.UserName=STM32F303RETx
Mcu.PinsNb=3
ProjectManager.NoMain=false
ADC1.IPParameters=Rank-0\#ChannelRegularConversion,master,SingleDiff-0\#ChannelRegularConversion,Channel-0\#ChannelRegularConversion,SamplingTime-0\#ChannelRegularConversion,SamplingTimeOPAMP-0\#ChannelRegularConversion,OffsetNumber-0\#ChannelRegularConversion,Offset-0\#ChannelRegularConversion,NbrOfConversionFlag
ADC1.OffsetNumber-0\#ChannelRegularConversion=ADC_OFFSET_NONE
RCC.PLLCLKFreq_Value=16000000
ProjectManager.functionlistsort=1-MX_GPIO_Init-GPIO-false-HAL-true,2-SystemClock_Config-RCC-false-HAL-false,3-MX_ADC1_Init-ADC1-false-HAL-true
RCC.RTCFreq_Value=40000
ProjectManager.DefaultFWLocation=true
RCC.USART2Freq_Value=8000000
ProjectManager.DeletePrevious=true
PinOutPanel.RotationAngle=0
RCC.FamilyName=M
ProjectManager.StackSize=0x400
RCC.I2C3Freq_Value=8000000
Mcu.IP2=RCC
NVIC.SVCall_IRQn=true\:0\:0\:false\:false\:true\:false\:false
ADC1.SingleDiff-0\#ChannelRegularConversion=ADC_DIFFERENTIAL_ENDED
Mcu.IP3=SYS
Mcu.IP0=ADC1
Mcu.IP1=NVIC
Mcu.UserConstants=
ProjectManager.TargetToolchain=Makefile
ADC1.SamplingTimeOPAMP-0\#ChannelRegularConversion=ADC_SAMPLETIME_7CYCLES_5
ADC1.Offset-0\#ChannelRegularConversion=0
Mcu.ThirdPartyNb=0
Mcu.IPNb=4
ProjectManager.PreviousToolchain=
ProjectManager.RegisterCallBack=
RCC.USBFreq_Value=16000000
RCC.LSE_VALUE=32768
PA1.Signal=ADC1_IN2
RCC.AHBFreq_Value=8000000
Mcu.Pin0=PA0
Mcu.Pin1=PA1
GPIO.groupedBy=
Mcu.Pin2=VP_SYS_VS_Systick
RCC.USART3Freq_Value=8000000
ADC1.Channel-0\#ChannelRegularConversion=ADC_CHANNEL_1
ProjectManager.ProjectBuild=false
RCC.HSE_VALUE=8000000
NVIC.UsageFault_IRQn=true\:0\:0\:false\:false\:true\:false\:false
NVIC.DebugMonitor_IRQn=true\:0\:0\:false\:false\:true\:false\:false
board=custom
NVIC.SysTick_IRQn=true\:0\:0\:false\:false\:true\:false\:true
ProjectManager.LastFirmware=true
RCC.VCOOutput2Freq_Value=8000000
ProjectManager.FirmwarePackage=STM32Cube FW_F3 V1.11.1
MxDb.Version=DB.6.0.0
RCC.APB2Freq_Value=8000000
PA1.Mode=IN1-Differential
RCC.UART4Freq_Value=8000000
ProjectManager.BackupPrevious=false
MxCube.Version=6.0.1
RCC.I2C1Freq_Value=8000000
File.Version=6
VP_SYS_VS_Systick.Mode=SysTick
PA0.Mode=IN1-Differential
NVIC.NonMaskableInt_IRQn=true\:0\:0\:false\:false\:true\:false\:false
NVIC.PendSV_IRQn=true\:0\:0\:false\:false\:true\:false\:false
RCC.UART5Freq_Value=8000000
ProjectManager.FreePins=false
RCC.IPParameters=ADC12outputFreq_Value,ADC34outputFreq_Value,AHBFreq_Value,APB1Freq_Value,APB2Freq_Value,CortexFreq_Value,FamilyName,HSE_VALUE,HSI_VALUE,I2C1Freq_Value,I2C2Freq_Value,I2C3Freq_Value,LSE_VALUE,LSI_VALUE,PLLCLKFreq_Value,PLLMCOFreq_Value,RTCFreq_Value,RTCHSEDivFreq_Value,SYSCLKFreq_VALUE,UART4Freq_Value,UART5Freq_Value,USART1Freq_Value,USART2Freq_Value,USART3Freq_Value,USBFreq_Value,VCOOutput2Freq_Value
ProjectManager.AskForMigrate=true
Mcu.Name=STM32F303R(D-E)Tx
ProjectManager.HalAssertFull=false
ADC1.SamplingTime-0\#ChannelRegularConversion=ADC_SAMPLETIME_1CYCLE_5
RCC.RTCHSEDivFreq_Value=250000
ProjectManager.ProjectName=nucleo303
ProjectManager.UnderRoot=false
PA0.Signal=ADC1_IN1
RCC.PLLMCOFreq_Value=16000000
ProjectManager.CoupleFile=false
RCC.SYSCLKFreq_VALUE=8000000
Mcu.Package=LQFP64
ADC1.master=1
NVIC.ForceEnableDMAVector=true
KeepUserPlacement=false
RCC.ADC34outputFreq_Value=16000000
NVIC.MemoryManagement_IRQn=true\:0\:0\:false\:false\:true\:false\:false
ProjectManager.CompilerOptimize=6
ProjectManager.ToolChainLocation=
RCC.LSI_VALUE=40000
VP_SYS_VS_Systick.Signal=SYS_VS_Systick
ProjectManager.HeapSize=0x200
NVIC.HardFault_IRQn=true\:0\:0\:false\:false\:true\:false\:false
ProjectManager.ComputerToolchain=false
RCC.HSI_VALUE=8000000
NVIC.PriorityGroup=NVIC_PRIORITYGROUP_4
ADC1.NbrOfConversionFlag=1
NVIC.BusFault_IRQn=true\:0\:0\:false\:false\:true\:false\:false
RCC.I2C2Freq_Value=8000000
RCC.APB1Freq_Value=8000000
ProjectManager.CustomerFirmwarePackage=
ProjectManager.DeviceId=STM32F303RETx
ProjectManager.LibraryCopy=0
